// !$*UTF8*$!
{
	archiveVersion = 1;
	classes = {
	};
	objectVersion = 56;
	objects = {

/* Begin PBXBuildFile section */
		CC0911472C3AE67E00A60393 /* WeatherNowApp.swift in Sources */ = {isa = PBXBuildFile; fileRef = CC0911462C3AE67E00A60393 /* WeatherNowApp.swift */; };
		CC0911492C3AE67E00A60393 /* Weather.swift in Sources */ = {isa = PBXBuildFile; fileRef = CC0911482C3AE67E00A60393 /* Weather.swift */; };
		CC09114B2C3AE68000A60393 /* Assets.xcassets in Resources */ = {isa = PBXBuildFile; fileRef = CC09114A2C3AE68000A60393 /* Assets.xcassets */; };
		CC09114E2C3AE68000A60393 /* Preview Assets.xcassets in Resources */ = {isa = PBXBuildFile; fileRef = CC09114D2C3AE68000A60393 /* Preview Assets.xcassets */; };
		CC0911572C3AEA6700A60393 /* WeatherModel.swift in Sources */ = {isa = PBXBuildFile; fileRef = CC0911562C3AEA6700A60393 /* WeatherModel.swift */; };
		CC0911592C3AEAFA00A60393 /* LocationModel.swift in Sources */ = {isa = PBXBuildFile; fileRef = CC0911582C3AEAFA00A60393 /* LocationModel.swift */; };
		CC09115D2C3AECD800A60393 /* ForecastModel.swift in Sources */ = {isa = PBXBuildFile; fileRef = CC09115C2C3AECD800A60393 /* ForecastModel.swift */; };
		CC09115F2C3AED0300A60393 /* ForecastDayModel.swift in Sources */ = {isa = PBXBuildFile; fileRef = CC09115E2C3AED0300A60393 /* ForecastDayModel.swift */; };
		CC0911612C3AF88A00A60393 /* WeatherViewModel.swift in Sources */ = {isa = PBXBuildFile; fileRef = CC0911602C3AF88A00A60393 /* WeatherViewModel.swift */; };
		CCB1B91B2C3B41760029087D /* LocationViewModel.swift in Sources */ = {isa = PBXBuildFile; fileRef = CCB1B91A2C3B41760029087D /* LocationViewModel.swift */; };
		CCB1B91D2C3B44250029087D /* WeatherManager.swift in Sources */ = {isa = PBXBuildFile; fileRef = CCB1B91C2C3B44250029087D /* WeatherManager.swift */; };
/* End PBXBuildFile section */

/* Begin PBXFileReference section */
		CC0911432C3AE67E00A60393 /* WeatherNow.app */ = {isa = PBXFileReference; explicitFileType = wrapper.application; includeInIndex = 0; path = WeatherNow.app; sourceTree = BUILT_PRODUCTS_DIR; };
		CC0911462C3AE67E00A60393 /* WeatherNowApp.swift */ = {isa = PBXFileReference; lastKnownFileType = sourcecode.swift; path = WeatherNowApp.swift; sourceTree = "<group>"; };
		CC0911482C3AE67E00A60393 /* Weather.swift */ = {isa = PBXFileReference; lastKnownFileType = sourcecode.swift; path = Weather.swift; sourceTree = "<group>"; };
		CC09114A2C3AE68000A60393 /* Assets.xcassets */ = {isa = PBXFileReference; lastKnownFileType = folder.assetcatalog; path = Assets.xcassets; sourceTree = "<group>"; };
		CC09114D2C3AE68000A60393 /* Preview Assets.xcassets */ = {isa = PBXFileReference; lastKnownFileType = folder.assetcatalog; path = "Preview Assets.xcassets"; sourceTree = "<group>"; };
		CC0911562C3AEA6700A60393 /* WeatherModel.swift */ = {isa = PBXFileReference; lastKnownFileType = sourcecode.swift; path = WeatherModel.swift; sourceTree = "<group>"; };
		CC0911582C3AEAFA00A60393 /* LocationModel.swift */ = {isa = PBXFileReference; lastKnownFileType = sourcecode.swift; path = LocationModel.swift; sourceTree = "<group>"; };
		CC09115C2C3AECD800A60393 /* ForecastModel.swift */ = {isa = PBXFileReference; lastKnownFileType = sourcecode.swift; path = ForecastModel.swift; sourceTree = "<group>"; };
		CC09115E2C3AED0300A60393 /* ForecastDayModel.swift */ = {isa = PBXFileReference; lastKnownFileType = sourcecode.swift; path = ForecastDayModel.swift; sourceTree = "<group>"; };
		CC0911602C3AF88A00A60393 /* WeatherViewModel.swift */ = {isa = PBXFileReference; lastKnownFileType = sourcecode.swift; path = WeatherViewModel.swift; sourceTree = "<group>"; };
		CCB1B91A2C3B41760029087D /* LocationViewModel.swift */ = {isa = PBXFileReference; lastKnownFileType = sourcecode.swift; path = LocationViewModel.swift; sourceTree = "<group>"; };
		CCB1B91C2C3B44250029087D /* WeatherManager.swift */ = {isa = PBXFileReference; lastKnownFileType = sourcecode.swift; path = WeatherManager.swift; sourceTree = "<group>"; };
/* End PBXFileReference section */

/* Begin PBXFrameworksBuildPhase section */
		CC0911402C3AE67E00A60393 /* Frameworks */ = {
			isa = PBXFrameworksBuildPhase;
			buildActionMask = 2147483647;
			files = (
			);
			runOnlyForDeploymentPostprocessing = 0;
		};
/* End PBXFrameworksBuildPhase section */

/* Begin PBXGroup section */
		CC09113A2C3AE67E00A60393 = {
			isa = PBXGroup;
			children = (
				CC0911452C3AE67E00A60393 /* WeatherNow */,
				CC0911442C3AE67E00A60393 /* Products */,
			);
			sourceTree = "<group>";
		};
		CC0911442C3AE67E00A60393 /* Products */ = {
			isa = PBXGroup;
			children = (
				CC0911432C3AE67E00A60393 /* WeatherNow.app */,
			);
			name = Products;
			sourceTree = "<group>";
		};
		CC0911452C3AE67E00A60393 /* WeatherNow */ = {
			isa = PBXGroup;
			children = (
				CC0911462C3AE67E00A60393 /* WeatherNowApp.swift */,
				CC0911602C3AF88A00A60393 /* WeatherViewModel.swift */,
				CCB1B91A2C3B41760029087D /* LocationViewModel.swift */,
				CCB1B91C2C3B44250029087D /* WeatherManager.swift */,
				CC0911552C3AEA4100A60393 /* Models */,
				CC0911542C3AEA1A00A60393 /* Views */,
				CC09114A2C3AE68000A60393 /* Assets.xcassets */,
				CC09114C2C3AE68000A60393 /* Preview Content */,
			);
			path = WeatherNow;
			sourceTree = "<group>";
		};
		CC09114C2C3AE68000A60393 /* Preview Content */ = {
			isa = PBXGroup;
			children = (
				CC09114D2C3AE68000A60393 /* Preview Assets.xcassets */,
			);
			path = "Preview Content";
			sourceTree = "<group>";
		};
		CC0911542C3AEA1A00A60393 /* Views */ = {
			isa = PBXGroup;
			children = (
				CC0911482C3AE67E00A60393 /* Weather.swift */,
			);
			path = Views;
			sourceTree = "<group>";
		};
		CC0911552C3AEA4100A60393 /* Models */ = {
			isa = PBXGroup;
			children = (
				CC0911562C3AEA6700A60393 /* WeatherModel.swift */,
				CC0911582C3AEAFA00A60393 /* LocationModel.swift */,
				CC09115C2C3AECD800A60393 /* ForecastModel.swift */,
				CC09115E2C3AED0300A60393 /* ForecastDayModel.swift */,
			);
			path = Models;
			sourceTree = "<group>";
		};
/* End PBXGroup section */

/* Begin PBXNativeTarget section */
		CC0911422C3AE67E00A60393 /* WeatherNow */ = {
			isa = PBXNativeTarget;
			buildConfigurationList = CC0911512C3AE68000A60393 /* Build configuration list for PBXNativeTarget "WeatherNow" */;
			buildPhases = (
				CC09113F2C3AE67E00A60393 /* Sources */,
				CC0911402C3AE67E00A60393 /* Frameworks */,
				CC0911412C3AE67E00A60393 /* Resources */,
			);
			buildRules = (
			);
			dependencies = (
			);
			name = WeatherNow;
			productName = WeatherNow;
			productReference = CC0911432C3AE67E00A60393 /* WeatherNow.app */;
			productType = "com.apple.product-type.application";
		};
/* End PBXNativeTarget section */

/* Begin PBXProject section */
		CC09113B2C3AE67E00A60393 /* Project object */ = {
			isa = PBXProject;
			attributes = {
				BuildIndependentTargetsInParallel = 1;
				LastSwiftUpdateCheck = 1540;
				LastUpgradeCheck = 1540;
				TargetAttributes = {
					CC0911422C3AE67E00A60393 = {
						CreatedOnToolsVersion = 15.4;
					};
				};
			};
			buildConfigurationList = CC09113E2C3AE67E00A60393 /* Build configuration list for PBXProject "WeatherNow" */;
			compatibilityVersion = "Xcode 14.0";
			developmentRegion = en;
			hasScannedForEncodings = 0;
			knownRegions = (
				en,
				Base,
			);
			mainGroup = CC09113A2C3AE67E00A60393;
			productRefGroup = CC0911442C3AE67E00A60393 /* Products */;
			projectDirPath = "";
			projectRoot = "";
			targets = (
				CC0911422C3AE67E00A60393 /* WeatherNow */,
			);
		};
/* End PBXProject section */

/* Begin PBXResourcesBuildPhase section */
		CC0911412C3AE67E00A60393 /* Resources */ = {
			isa = PBXResourcesBuildPhase;
			buildActionMask = 2147483647;
			files = (
				CC09114E2C3AE68000A60393 /* Preview Assets.xcassets in Resources */,
				CC09114B2C3AE68000A60393 /* Assets.xcassets in Resources */,
			);
			runOnlyForDeploymentPostprocessing = 0;
		};
/* End PBXResourcesBuildPhase section */

/* Begin PBXSourcesBuildPhase section */
		CC09113F2C3AE67E00A60393 /* Sources */ = {
			isa = PBXSourcesBuildPhase;
			buildActionMask = 2147483647;
			files = (
				CC0911592C3AEAFA00A60393 /* LocationModel.swift in Sources */,
				CC09115F2C3AED0300A60393 /* ForecastDayModel.swift in Sources */,
				CC0911492C3AE67E00A60393 /* Weather.swift in Sources */,
				CC0911612C3AF88A00A60393 /* WeatherViewModel.swift in Sources */,
				CC0911572C3AEA6700A60393 /* WeatherModel.swift in Sources */,
				CC09115D2C3AECD800A60393 /* ForecastModel.swift in Sources */,
				CCB1B91D2C3B44250029087D /* WeatherManager.swift in Sources */,
				CC0911472C3AE67E00A60393 /* WeatherNowApp.swift in Sources */,
				CCB1B91B2C3B41760029087D /* LocationViewModel.swift in Sources */,
			);
			runOnlyForDeploymentPostprocessing = 0;
		};
/* End PBXSourcesBuildPhase section */

/* Begin XCBuildConfiguration section */
		CC09114F2C3AE68000A60393 /* Debug */ = {
			isa = XCBuildConfiguration;
			buildSettings = {
				ALWAYS_SEARCH_USER_PATHS = NO;
				ASSETCATALOG_COMPILER_GENERATE_SWIFT_ASSET_SYMBOL_EXTENSIONS = YES;
				CLANG_ANALYZER_NONNULL = YES;
				CLANG_ANALYZER_NUMBER_OBJECT_CONVERSION = YES_AGGRESSIVE;
				CLANG_CXX_LANGUAGE_STANDARD = "gnu++20";
				CLANG_ENABLE_MODULES = YES;
				CLANG_ENABLE_OBJC_ARC = YES;
				CLANG_ENABLE_OBJC_WEAK = YES;
				CLANG_WARN_BLOCK_CAPTURE_AUTORELEASING = YES;
				CLANG_WARN_BOOL_CONVERSION = YES;
				CLANG_WARN_COMMA = YES;
				CLANG_WARN_CONSTANT_CONVERSION = YES;
				CLANG_WARN_DEPRECATED_OBJC_IMPLEMENTATIONS = YES;
				CLANG_WARN_DIRECT_OBJC_ISA_USAGE = YES_ERROR;
				CLANG_WARN_DOCUMENTATION_COMMENTS = YES;
				CLANG_WARN_EMPTY_BODY = YES;
				CLANG_WARN_ENUM_CONVERSION = YES;
				CLANG_WARN_INFINITE_RECURSION = YES;
				CLANG_WARN_INT_CONVERSION = YES;
				CLANG_WARN_NON_LITERAL_NULL_CONVERSION = YES;
				CLANG_WARN_OBJC_IMPLICIT_RETAIN_SELF = YES;
				CLANG_WARN_OBJC_LITERAL_CONVERSION = YES;
				CLANG_WARN_OBJC_ROOT_CLASS = YES_ERROR;
				CLANG_WARN_QUOTED_INCLUDE_IN_FRAMEWORK_HEADER = YES;
				CLANG_WARN_RANGE_LOOP_ANALYSIS = YES;
				CLANG_WARN_STRICT_PROTOTYPES = YES;
				CLANG_WARN_SUSPICIOUS_MOVE = YES;
				CLANG_WARN_UNGUARDED_AVAILABILITY = YES_AGGRESSIVE;
				CLANG_WARN_UNREACHABLE_CODE = YES;
				CLANG_WARN__DUPLICATE_METHOD_MATCH = YES;
				COPY_PHASE_STRIP = NO;
				DEBUG_INFORMATION_FORMAT = dwarf;
				ENABLE_STRICT_OBJC_MSGSEND = YES;
				ENABLE_TESTABILITY = YES;
				ENABLE_USER_SCRIPT_SANDBOXING = YES;
				GCC_C_LANGUAGE_STANDARD = gnu17;
				GCC_DYNAMIC_NO_PIC = NO;
				GCC_NO_COMMON_BLOCKS = YES;
				GCC_OPTIMIZATION_LEVEL = 0;
				GCC_PREPROCESSOR_DEFINITIONS = (
					"DEBUG=1",
					"$(inherited)",
				);
				GCC_WARN_64_TO_32_BIT_CONVERSION = YES;
				GCC_WARN_ABOUT_RETURN_TYPE = YES_ERROR;
				GCC_WARN_UNDECLARED_SELECTOR = YES;
				GCC_WARN_UNINITIALIZED_AUTOS = YES_AGGRESSIVE;
				GCC_WARN_UNUSED_FUNCTION = YES;
				GCC_WARN_UNUSED_VARIABLE = YES;
				IPHONEOS_DEPLOYMENT_TARGET = 17.5;
				LOCALIZATION_PREFERS_STRING_CATALOGS = YES;
				MTL_ENABLE_DEBUG_INFO = INCLUDE_SOURCE;
				MTL_FAST_MATH = YES;
				ONLY_ACTIVE_ARCH = YES;
				SDKROOT = iphoneos;
				SWIFT_ACTIVE_COMPILATION_CONDITIONS = "DEBUG $(inherited)";
				SWIFT_OPTIMIZATION_LEVEL = "-Onone";
			};
			name = Debug;
		};
		CC0911502C3AE68000A60393 /* Release */ = {
			isa = XCBuildConfiguration;
			buildSettings = {
				ALWAYS_SEARCH_USER_PATHS = NO;
				ASSETCATALOG_COMPILER_GENERATE_SWIFT_ASSET_SYMBOL_EXTENSIONS = YES;
				CLANG_ANALYZER_NONNULL = YES;
				CLANG_ANALYZER_NUMBER_OBJECT_CONVERSION = YES_AGGRESSIVE;
				CLANG_CXX_LANGUAGE_STANDARD = "gnu++20";
				CLANG_ENABLE_MODULES = YES;
				CLANG_ENABLE_OBJC_ARC = YES;
				CLANG_ENABLE_OBJC_WEAK = YES;
				CLANG_WARN_BLOCK_CAPTURE_AUTORELEASING = YES;
				CLANG_WARN_BOOL_CONVERSION = YES;
				CLANG_WARN_COMMA = YES;
				CLANG_WARN_CONSTANT_CONVERSION = YES;
				CLANG_WARN_DEPRECATED_OBJC_IMPLEMENTATIONS = YES;
				CLANG_WARN_DIRECT_OBJC_ISA_USAGE = YES_ERROR;
				CLANG_WARN_DOCUMENTATION_COMMENTS = YES;
				CLANG_WARN_EMPTY_BODY = YES;
				CLANG_WARN_ENUM_CONVERSION = YES;
				CLANG_WARN_INFINITE_RECURSION = YES;
				CLANG_WARN_INT_CONVERSION = YES;
				CLANG_WARN_NON_LITERAL_NULL_CONVERSION = YES;
				CLANG_WARN_OBJC_IMPLICIT_RETAIN_SELF = YES;
				CLANG_WARN_OBJC_LITERAL_CONVERSION = YES;
				CLANG_WARN_OBJC_ROOT_CLASS = YES_ERROR;
				CLANG_WARN_QUOTED_INCLUDE_IN_FRAMEWORK_HEADER = YES;
				CLANG_WARN_RANGE_LOOP_ANALYSIS = YES;
				CLANG_WARN_STRICT_PROTOTYPES = YES;
				CLANG_WARN_SUSPICIOUS_MOVE = YES;
				CLANG_WARN_UNGUARDED_AVAILABILITY = YES_AGGRESSIVE;
				CLANG_WARN_UNREACHABLE_CODE = YES;
				CLANG_WARN__DUPLICATE_METHOD_MATCH = YES;
				COPY_PHASE_STRIP = NO;
				DEBUG_INFORMATION_FORMAT = "dwarf-with-dsym";
				ENABLE_NS_ASSERTIONS = NO;
				ENABLE_STRICT_OBJC_MSGSEND = YES;
				ENABLE_USER_SCRIPT_SANDBOXING = YES;
				GCC_C_LANGUAGE_STANDARD = gnu17;
				GCC_NO_COMMON_BLOCKS = YES;
				GCC_WARN_64_TO_32_BIT_CONVERSION = YES;
				GCC_WARN_ABOUT_RETURN_TYPE = YES_ERROR;
				GCC_WARN_UNDECLARED_SELECTOR = YES;
				GCC_WARN_UNINITIALIZED_AUTOS = YES_AGGRESSIVE;
				GCC_WARN_UNUSED_FUNCTION = YES;
				GCC_WARN_UNUSED_VARIABLE = YES;
				IPHONEOS_DEPLOYMENT_TARGET = 17.5;
				LOCALIZATION_PREFERS_STRING_CATALOGS = YES;
				MTL_ENABLE_DEBUG_INFO = NO;
				MTL_FAST_MATH = YES;
				SDKROOT = iphoneos;
				SWIFT_COMPILATION_MODE = wholemodule;
				VALIDATE_PRODUCT = YES;
			};
			name = Release;
		};
		CC0911522C3AE68000A60393 /* Debug */ = {
			isa = XCBuildConfiguration;
			buildSettings = {
				ASSETCATALOG_COMPILER_APPICON_NAME = AppIcon;
				ASSETCATALOG_COMPILER_GLOBAL_ACCENT_COLOR_NAME = AccentColor;
				CODE_SIGN_STYLE = Automatic;
				CURRENT_PROJECT_VERSION = 1;
				DEVELOPMENT_ASSET_PATHS = "\"WeatherNow/Preview Content\"";
				ENABLE_PREVIEWS = YES;
				GENERATE_INFOPLIST_FILE = YES;
				INFOPLIST_KEY_LSApplicationCategoryType = "";
				INFOPLIST_KEY_NSLocationAlwaysAndWhenInUseUsageDescription = "App needs location for Weather";
				INFOPLIST_KEY_UIApplicationSceneManifest_Generation = YES;
				INFOPLIST_KEY_UIApplicationSupportsIndirectInputEvents = YES;
				INFOPLIST_KEY_UILaunchScreen_Generation = YES;
				INFOPLIST_KEY_UISupportedInterfaceOrientations_iPad = "UIInterfaceOrientationPortrait UIInterfaceOrientationPortraitUpsideDown UIInterfaceOrientationLandscapeLeft UIInterfaceOrientationLandscapeRight";
				INFOPLIST_KEY_UISupportedInterfaceOrientations_iPhone = "UIInterfaceOrientationPortrait UIInterfaceOrientationLandscapeLeft UIInterfaceOrientationLandscapeRight";
				LD_RUNPATH_SEARCH_PATHS = (
					"$(inherited)",
					"@executable_path/Frameworks",
				);
				MARKETING_VERSION = 1.0;
				PRODUCT_BUNDLE_IDENTIFIER = auburn.edu.WeatherNow;
				PRODUCT_NAME = "$(TARGET_NAME)";
				SWIFT_EMIT_LOC_STRINGS = YES;
				SWIFT_VERSION = 5.0;
				TARGETED_DEVICE_FAMILY = "1,2";
			};
			name = Debug;
		};
		CC0911532C3AE68000A60393 /* Release */ = {
			isa = XCBuildConfiguration;
			buildSettings = {
				ASSETCATALOG_COMPILER_APPICON_NAME = AppIcon;
				ASSETCATALOG_COMPILER_GLOBAL_ACCENT_COLOR_NAME = AccentColor;
				CODE_SIGN_STYLE = Automatic;
				CURRENT_PROJECT_VERSION = 1;
				DEVELOPMENT_ASSET_PATHS = "\"WeatherNow/Preview Content\"";
				ENABLE_PREVIEWS = YES;
				GENERATE_INFOPLIST_FILE = YES;
				INFOPLIST_KEY_LSApplicationCategoryType = "";
				INFOPLIST_KEY_NSLocationAlwaysAndWhenInUseUsageDescription = "App needs location for Weather";
				INFOPLIST_KEY_UIApplicationSceneManifest_Generation = YES;
				INFOPLIST_KEY_UIApplicationSupportsIndirectInputEvents = YES;
				INFOPLIST_KEY_UILaunchScreen_Generation = YES;
				INFOPLIST_KEY_UISupportedInterfaceOrientations_iPad = "UIInterfaceOrientationPortrait UIInterfaceOrientationPortraitUpsideDown UIInterfaceOrientationLandscapeLeft UIInterfaceOrientationLandscapeRight";
				INFOPLIST_KEY_UISupportedInterfaceOrientations_iPhone = "UIInterfaceOrientationPortrait UIInterfaceOrientationLandscapeLeft UIInterfaceOrientationLandscapeRight";
				LD_RUNPATH_SEARCH_PATHS = (
					"$(inherited)",
					"@executable_path/Frameworks",
				);
				MARKETING_VERSION = 1.0;
				PRODUCT_BUNDLE_IDENTIFIER = auburn.edu.WeatherNow;
				PRODUCT_NAME = "$(TARGET_NAME)";
				SWIFT_EMIT_LOC_STRINGS = YES;
				SWIFT_VERSION = 5.0;
				TARGETED_DEVICE_FAMILY = "1,2";
			};
			name = Release;
		};
/* End XCBuildConfiguration section */

/* Begin XCConfigurationList section */
		CC09113E2C3AE67E00A60393 /* Build configuration list for PBXProject "WeatherNow" */ = {
			isa = XCConfigurationList;
			buildConfigurations = (
				CC09114F2C3AE68000A60393 /* Debug */,
				CC0911502C3AE68000A60393 /* Release */,
			);
			defaultConfigurationIsVisible = 0;
			defaultConfigurationName = Release;
		};
		CC0911512C3AE68000A60393 /* Build configuration list for PBXNativeTarget "WeatherNow" */ = {
			isa = XCConfigurationList;
			buildConfigurations = (
				CC0911522C3AE68000A60393 /* Debug */,
				CC0911532C3AE68000A60393 /* Release */,
			);
			defaultConfigurationIsVisible = 0;
			defaultConfigurationName = Release;
		};
/* End XCConfigurationList section */
	};
	rootObject = CC09113B2C3AE67E00A60393 /* Project object */;
}
